
Microsoft Visual Studio Solution File, Format Version 12.00
# Visual Studio 15
Project("{FAE04EC0-301F-11D3-BF4B-00C04F79EFBC}") = "Assembly-CSharp", "Assembly-CSharp.csproj", "{944C5B8B-CC35-06E7-3E9D-9B8E59C6A064}"
EndProject
Global
	GlobalSection(SolutionConfigurationPlatforms) = preSolution
		Debug|Any CPU = Debug|Any CPU
		Release|Any CPU = Release|Any CPU
	EndGlobalSection
	GlobalSection(ProjectConfigurationPlatforms) = postSolution
		{944C5B8B-CC35-06E7-3E9D-9B8E59C6A064}.Debug|Any CPU.ActiveCfg = Debug|Any CPU
		{944C5B8B-CC35-06E7-3E9D-9B8E59C6A064}.Debug|Any CPU.Build.0 = Debug|Any CPU
		{944C5B8B-CC35-06E7-3E9D-9B8E59C6A064}.Release|Any CPU.ActiveCfg = Release|Any CPU
		{944C5B8B-CC35-06E7-3E9D-9B8E59C6A064}.Release|Any CPU.Build.0 = Release|Any CPU
	EndGlobalSection
	GlobalSection(SolutionProperties) = preSolution
		HideSolutionNode = FALSE
	EndGlobalSection
EndGlobal
